
Microsoft Visual Studio Solution File, Format Version 12.00
# Visual Studio Version 16
VisualStudioVersion = 16.0.30114.105
MinimumVisualStudioVersion = 10.0.40219.1
Project("{F184B08F-C81C-45F6-A57F-5ABD9991F28F}") = "Calculadora_eje1", "Calculadora_eje1.vbproj", "{AAFFC849-B59C-4F4D-9F85-DF86F416F143}"
EndProject
Global
	GlobalSection(SolutionConfigurationPlatforms) = preSolution
		Debug|Any CPU = Debug|Any CPU
		Release|Any CPU = Release|Any CPU
	EndGlobalSection
	GlobalSection(ProjectConfigurationPlatforms) = postSolution
		{AAFFC849-B59C-4F4D-9F85-DF86F416F143}.Debug|Any CPU.ActiveCfg = Debug|Any CPU
		{AAFFC849-B59C-4F4D-9F85-DF86F416F143}.Debug|Any CPU.Build.0 = Debug|Any CPU
		{AAFFC849-B59C-4F4D-9F85-DF86F416F143}.Release|Any CPU.ActiveCfg = Release|Any CPU
		{AAFFC849-B59C-4F4D-9F85-DF86F416F143}.Release|Any CPU.Build.0 = Release|Any CPU
	EndGlobalSection
	GlobalSection(SolutionProperties) = preSolution
		HideSolutionNode = FALSE
	EndGlobalSection
	GlobalSection(ExtensibilityGlobals) = postSolution
		SolutionGuid = {2169BF8B-DDA5-4832-9553-C7F3F52A0527}
	EndGlobalSection
EndGlobal
